
Microsoft Visual Studio Solution File, Format Version 12.00
# Visual Studio Version 16
VisualStudioVersion = 16.0.29201.188
MinimumVisualStudioVersion = 10.0.40219.1
Project("{FAE04EC0-301F-11D3-BF4B-00C04F79EFBC}") = "MovieDBApp", "MovieDBApp\MovieDBApp\MovieDBApp.csproj", "{75388388-FB27-4AA7-A176-E2DB1A92C00E}"
EndProject
Project("{FAE04EC0-301F-11D3-BF4B-00C04F79EFBC}") = "MovieDBApp.Android", "MovieDBApp\MovieDBApp.Android\MovieDBApp.Android.csproj", "{6461E668-C35A-48D0-853B-95EF0B078C88}"
EndProject
Global
	GlobalSection(SolutionConfigurationPlatforms) = preSolution
		Debug|Any CPU = Debug|Any CPU
		Release|Any CPU = Release|Any CPU
	EndGlobalSection
	GlobalSection(ProjectConfigurationPlatforms) = postSolution
		{75388388-FB27-4AA7-A176-E2DB1A92C00E}.Debug|Any CPU.ActiveCfg = Debug|Any CPU
		{75388388-FB27-4AA7-A176-E2DB1A92C00E}.Debug|Any CPU.Build.0 = Debug|Any CPU
		{75388388-FB27-4AA7-A176-E2DB1A92C00E}.Release|Any CPU.ActiveCfg = Release|Any CPU
		{75388388-FB27-4AA7-A176-E2DB1A92C00E}.Release|Any CPU.Build.0 = Release|Any CPU
		{6461E668-C35A-48D0-853B-95EF0B078C88}.Debug|Any CPU.ActiveCfg = Debug|Any CPU
		{6461E668-C35A-48D0-853B-95EF0B078C88}.Debug|Any CPU.Build.0 = Debug|Any CPU
		{6461E668-C35A-48D0-853B-95EF0B078C88}.Debug|Any CPU.Deploy.0 = Debug|Any CPU
		{6461E668-C35A-48D0-853B-95EF0B078C88}.Release|Any CPU.ActiveCfg = Release|Any CPU
		{6461E668-C35A-48D0-853B-95EF0B078C88}.Release|Any CPU.Build.0 = Release|Any CPU
		{6461E668-C35A-48D0-853B-95EF0B078C88}.Release|Any CPU.Deploy.0 = Release|Any CPU
	EndGlobalSection
	GlobalSection(SolutionProperties) = preSolution
		HideSolutionNode = FALSE
	EndGlobalSection
	GlobalSection(ExtensibilityGlobals) = postSolution
		SolutionGuid = {19307662-DF5F-46CD-B0F8-730AD58B042F}
	EndGlobalSection
EndGlobal
